<!doctype html>
<html lang="en">
  <head>
    <meta charset="UTF-8" />
    <link rel="icon" type="image/svg+xml" href="/vite.svg" />
    <meta name="viewport" content="width=device-width, initial-scale=1.0" />
    <title>BlockGo</title>

    <!-- Tailwind CDN -->
    <script src="https://cdn.tailwindcss.com"></script>

    <!-- Optional: extend Tailwind config (colors, fonts, animations) -->
    <script>
      tailwind.config = {
        darkMode: "class",
        theme: {
          extend: {
           fontFamily: {
  ui: ["Manrope", "sans-serif"],
        heading: ["Space Grotesk", "sans-serif"],
        numbers: ["Archivo", "sans-serif"],
        mono: ["JetBrains Mono", "monospace"],
          sans: ["Inter", "Roboto", "Arial", "sans-serif"],
        inter: ["Inter", "sans-serif"],
        roboto: ["Roboto", "sans-serif"],
  },
            colors: {
              gold: {
                100: "#fef3c7",
                200: "#fde68a",
                300: "#fcd34d",
                400: "#fbbf24",
                500: "#f59e0b",
                600: "#d97706",
              },
              midnight: {
                900: "#020617",
                950: "#000000",
              },
            },
            animation: {
              "fade-in": "fadeIn 0.8s ease-out forwards",
              "slide-up": "slideUp 0.8s ease-out forwards",
            },
            keyframes: {
              fadeIn: {
                "0%": { opacity: "0" },
                "100%": { opacity: "1" },
              },
              slideUp: {
                "0%": {
                  opacity: "0",
                  transform: "translateY(20px)",
                },
                "100%": {
                  opacity: "1",
                  transform: "translateY(0)",
                },
              },
            },
          },
        },
      };
    </script>

    <!-- Google Fonts (to match your design) -->
    <link rel="preconnect" href="https://fonts.googleapis.com" />
    <link rel="preconnect" href="https://fonts.gstatic.com" crossorigin />
    <link
      href="https://fonts.googleapis.com/css2?family=Inter:wght@300;400;500;600&family=Playfair+Display:ital,wght@0,500;0,600;0,700;1,400&display=swap"
      rel="stylesheet"
    />

    <!-- Optional: scrollbar + body styles -->
    <style>
      ::-webkit-scrollbar {
        width: 6px;
      }
      ::-webkit-scrollbar-track {
        background: #000;
      }
      ::-webkit-scrollbar-thumb {
        background: #333;
        border-radius: 10px;
      }
      ::-webkit-scrollbar-thumb:hover {
        background: #444;
      }
      body {
        background-color: #000000;
        -webkit-font-smoothing: antialiased;
      }
    </style>
  </head>
  <body class="bg-black text-white">
    <div id="root"></div>
    <script type="module" src="/src/main.jsx"></script>
  </body>
</html>
